
Microsoft Visual Studio Solution File, Format Version 12.00
# Visual Studio Version 16
VisualStudioVersion = 16.0.30717.126
MinimumVisualStudioVersion = 10.0.40219.1
Project("{9A19103F-16F7-4668-BE54-9A1E7A4F7556}") = "MarceloTestProjectXafBlazor.Module", "MarceloTestProjectXafBlazor.Module\MarceloTestProjectXafBlazor.Module.csproj", "{8DA52E21-5ED8-470F-AAB2-5F609393BF2A}"
EndProject
Project("{9A19103F-16F7-4668-BE54-9A1E7A4F7556}") = "MarceloTestProjectXafBlazor.Module.Blazor", "MarceloTestProjectXafBlazor.Module.Blazor\MarceloTestProjectXafBlazor.Module.Blazor.csproj", "{F4789A90-EBBE-46D2-99CE-69C3F04F5566}"
EndProject
Project("{9A19103F-16F7-4668-BE54-9A1E7A4F7556}") = "MarceloTestProjectXafBlazor.Blazor.Server", "MarceloTestProjectXafBlazor.Blazor.Server\MarceloTestProjectXafBlazor.Blazor.Server.csproj", "{6277379B-6879-48EF-B150-545C2CDFEB15}"
EndProject
Global
	GlobalSection(SolutionConfigurationPlatforms) = preSolution
		Debug|Any CPU = Debug|Any CPU
		EasyTest|Any CPU = EasyTest|Any CPU
		Release|Any CPU = Release|Any CPU
	EndGlobalSection
	GlobalSection(ProjectConfigurationPlatforms) = postSolution
		{8DA52E21-5ED8-470F-AAB2-5F609393BF2A}.Debug|Any CPU.ActiveCfg = Debug|Any CPU
		{8DA52E21-5ED8-470F-AAB2-5F609393BF2A}.Debug|Any CPU.Build.0 = Debug|Any CPU
		{8DA52E21-5ED8-470F-AAB2-5F609393BF2A}.EasyTest|Any CPU.ActiveCfg = EasyTest|Any CPU
		{8DA52E21-5ED8-470F-AAB2-5F609393BF2A}.EasyTest|Any CPU.Build.0 = EasyTest|Any CPU
		{8DA52E21-5ED8-470F-AAB2-5F609393BF2A}.Release|Any CPU.ActiveCfg = Release|Any CPU
		{8DA52E21-5ED8-470F-AAB2-5F609393BF2A}.Release|Any CPU.Build.0 = Release|Any CPU
		{F4789A90-EBBE-46D2-99CE-69C3F04F5566}.Debug|Any CPU.ActiveCfg = Debug|Any CPU
		{F4789A90-EBBE-46D2-99CE-69C3F04F5566}.Debug|Any CPU.Build.0 = Debug|Any CPU
		{F4789A90-EBBE-46D2-99CE-69C3F04F5566}.EasyTest|Any CPU.ActiveCfg = EasyTest|Any CPU
		{F4789A90-EBBE-46D2-99CE-69C3F04F5566}.EasyTest|Any CPU.Build.0 = EasyTest|Any CPU
		{F4789A90-EBBE-46D2-99CE-69C3F04F5566}.Release|Any CPU.ActiveCfg = Release|Any CPU
		{F4789A90-EBBE-46D2-99CE-69C3F04F5566}.Release|Any CPU.Build.0 = Release|Any CPU
		{6277379B-6879-48EF-B150-545C2CDFEB15}.Debug|Any CPU.ActiveCfg = Debug|Any CPU
		{6277379B-6879-48EF-B150-545C2CDFEB15}.Debug|Any CPU.Build.0 = Debug|Any CPU
		{6277379B-6879-48EF-B150-545C2CDFEB15}.EasyTest|Any CPU.ActiveCfg = EasyTest|Any CPU
		{6277379B-6879-48EF-B150-545C2CDFEB15}.EasyTest|Any CPU.Build.0 = EasyTest|Any CPU
		{6277379B-6879-48EF-B150-545C2CDFEB15}.Release|Any CPU.ActiveCfg = Release|Any CPU
		{6277379B-6879-48EF-B150-545C2CDFEB15}.Release|Any CPU.Build.0 = Release|Any CPU
	EndGlobalSection
	GlobalSection(SolutionProperties) = preSolution
		HideSolutionNode = FALSE
	EndGlobalSection
	GlobalSection(ExtensibilityGlobals) = postSolution
		SolutionGuid = {78639C39-0DBB-4E1D-83FB-C0CCA3213575}
	EndGlobalSection
EndGlobal
